// !$*UTF8*$!
{
	archiveVersion = 1;
	classes = {
	};
	objectVersion = 50;
	objects = {

/* Begin PBXBuildFile section */
		BA65FC56228026870087D974 /* AppDelegate.swift in Sources */ = {isa = PBXBuildFile; fileRef = BA65FC55228026870087D974 /* AppDelegate.swift */; };
		BA65FC5D2280268A0087D974 /* Assets.xcassets in Resources */ = {isa = PBXBuildFile; fileRef = BA65FC5C2280268A0087D974 /* Assets.xcassets */; };
		BA65FC602280268A0087D974 /* LaunchScreen.storyboard in Resources */ = {isa = PBXBuildFile; fileRef = BA65FC5E2280268A0087D974 /* LaunchScreen.storyboard */; };
		BA65FC6A228026DA0087D974 /* ViewController.swift in Sources */ = {isa = PBXBuildFile; fileRef = BA65FC67228026DA0087D974 /* ViewController.swift */; };
		BA65FC6B228026DA0087D974 /* MovieClass.swift in Sources */ = {isa = PBXBuildFile; fileRef = BA65FC68228026DA0087D974 /* MovieClass.swift */; };
		BA65FC6C228026DA0087D974 /* MoviesTableViewController.swift in Sources */ = {isa = PBXBuildFile; fileRef = BA65FC69228026DA0087D974 /* MoviesTableViewController.swift */; };
		BA65FC6E228027140087D974 /* avatar.png in Resources */ = {isa = PBXBuildFile; fileRef = BA65FC6D228027130087D974 /* avatar.png */; };
		BA65FC722280278D0087D974 /* Main.storyboard in Resources */ = {isa = PBXBuildFile; fileRef = BA65FC712280278D0087D974 /* Main.storyboard */; };
		BA65FC74228031000087D974 /* AddViewController.swift in Sources */ = {isa = PBXBuildFile; fileRef = BA65FC73228031000087D974 /* AddViewController.swift */; };
		BA65FC76228032930087D974 /* DelegateProtocol.swift in Sources */ = {isa = PBXBuildFile; fileRef = BA65FC75228032930087D974 /* DelegateProtocol.swift */; };
/* End PBXBuildFile section */

/* Begin PBXFileReference section */
		BA65FC52228026870087D974 /* myMovieList.app */ = {isa = PBXFileReference; explicitFileType = wrapper.application; includeInIndex = 0; path = myMovieList.app; sourceTree = BUILT_PRODUCTS_DIR; };
		BA65FC55228026870087D974 /* AppDelegate.swift */ = {isa = PBXFileReference; lastKnownFileType = sourcecode.swift; path = AppDelegate.swift; sourceTree = "<group>"; };
		BA65FC5C2280268A0087D974 /* Assets.xcassets */ = {isa = PBXFileReference; lastKnownFileType = folder.assetcatalog; path = Assets.xcassets; sourceTree = "<group>"; };
		BA65FC5F2280268A0087D974 /* Base */ = {isa = PBXFileReference; lastKnownFileType = file.storyboard; name = Base; path = Base.lproj/LaunchScreen.storyboard; sourceTree = "<group>"; };
		BA65FC612280268A0087D974 /* Info.plist */ = {isa = PBXFileReference; lastKnownFileType = text.plist.xml; path = Info.plist; sourceTree = "<group>"; };
		BA65FC67228026DA0087D974 /* ViewController.swift */ = {isa = PBXFileReference; fileEncoding = 4; lastKnownFileType = sourcecode.swift; path = ViewController.swift; sourceTree = "<group>"; };
		BA65FC68228026DA0087D974 /* MovieClass.swift */ = {isa = PBXFileReference; fileEncoding = 4; lastKnownFileType = sourcecode.swift; path = MovieClass.swift; sourceTree = "<group>"; };
		BA65FC69228026DA0087D974 /* MoviesTableViewController.swift */ = {isa = PBXFileReference; fileEncoding = 4; lastKnownFileType = sourcecode.swift; path = MoviesTableViewController.swift; sourceTree = "<group>"; };
		BA65FC6D228027130087D974 /* avatar.png */ = {isa = PBXFileReference; lastKnownFileType = image.png; path = avatar.png; sourceTree = "<group>"; };
		BA65FC712280278D0087D974 /* Main.storyboard */ = {isa = PBXFileReference; fileEncoding = 4; lastKnownFileType = file.storyboard; path = Main.storyboard; sourceTree = "<group>"; };
		BA65FC73228031000087D974 /* AddViewController.swift */ = {isa = PBXFileReference; lastKnownFileType = sourcecode.swift; path = AddViewController.swift; sourceTree = "<group>"; };
		BA65FC75228032930087D974 /* DelegateProtocol.swift */ = {isa = PBXFileReference; lastKnownFileType = sourcecode.swift; path = DelegateProtocol.swift; sourceTree = "<group>"; };
/* End PBXFileReference section */

/* Begin PBXFrameworksBuildPhase section */
		BA65FC4F228026870087D974 /* Frameworks */ = {
			isa = PBXFrameworksBuildPhase;
			buildActionMask = 2147483647;
			files = (
			);
			runOnlyForDeploymentPostprocessing = 0;
		};
/* End PBXFrameworksBuildPhase section */

/* Begin PBXGroup section */
		BA65FC49228026870087D974 = {
			isa = PBXGroup;
			children = (
				BA65FC54228026870087D974 /* myMovieList */,
				BA65FC53228026870087D974 /* Products */,
			);
			sourceTree = "<group>";
		};
		BA65FC53228026870087D974 /* Products */ = {
			isa = PBXGroup;
			children = (
				BA65FC52228026870087D974 /* myMovieList.app */,
			);
			name = Products;
			sourceTree = "<group>";
		};
		BA65FC54228026870087D974 /* myMovieList */ = {
			isa = PBXGroup;
			children = (
				BA65FC712280278D0087D974 /* Main.storyboard */,
				BA65FC6D228027130087D974 /* avatar.png */,
				BA65FC68228026DA0087D974 /* MovieClass.swift */,
				BA65FC69228026DA0087D974 /* MoviesTableViewController.swift */,
				BA65FC67228026DA0087D974 /* ViewController.swift */,
				BA65FC55228026870087D974 /* AppDelegate.swift */,
				BA65FC5C2280268A0087D974 /* Assets.xcassets */,
				BA65FC5E2280268A0087D974 /* LaunchScreen.storyboard */,
				BA65FC612280268A0087D974 /* Info.plist */,
				BA65FC73228031000087D974 /* AddViewController.swift */,
				BA65FC75228032930087D974 /* DelegateProtocol.swift */,
			);
			path = myMovieList;
			sourceTree = "<group>";
		};
/* End PBXGroup section */

/* Begin PBXNativeTarget section */
		BA65FC51228026870087D974 /* myMovieList */ = {
			isa = PBXNativeTarget;
			buildConfigurationList = BA65FC642280268A0087D974 /* Build configuration list for PBXNativeTarget "myMovieList" */;
			buildPhases = (
				BA65FC4E228026870087D974 /* Sources */,
				BA65FC4F228026870087D974 /* Frameworks */,
				BA65FC50228026870087D974 /* Resources */,
			);
			buildRules = (
			);
			dependencies = (
			);
			name = myMovieList;
			productName = myMovieList;
			productReference = BA65FC52228026870087D974 /* myMovieList.app */;
			productType = "com.apple.product-type.application";
		};
/* End PBXNativeTarget section */

/* Begin PBXProject section */
		BA65FC4A228026870087D974 /* Project object */ = {
			isa = PBXProject;
			attributes = {
				LastSwiftUpdateCheck = 0930;
				LastUpgradeCheck = 0930;
				ORGANIZATIONNAME = iti;
				TargetAttributes = {
					BA65FC51228026870087D974 = {
						CreatedOnToolsVersion = 9.3;
					};
				};
			};
			buildConfigurationList = BA65FC4D228026870087D974 /* Build configuration list for PBXProject "myMovieList" */;
			compatibilityVersion = "Xcode 9.3";
			developmentRegion = en;
			hasScannedForEncodings = 0;
			knownRegions = (
				en,
				Base,
			);
			mainGroup = BA65FC49228026870087D974;
			productRefGroup = BA65FC53228026870087D974 /* Products */;
			projectDirPath = "";
			projectRoot = "";
			targets = (
				BA65FC51228026870087D974 /* myMovieList */,
			);
		};
/* End PBXProject section */

/* Begin PBXResourcesBuildPhase section */
		BA65FC50228026870087D974 /* Resources */ = {
			isa = PBXResourcesBuildPhase;
			buildActionMask = 2147483647;
			files = (
				BA65FC6E228027140087D974 /* avatar.png in Resources */,
				BA65FC602280268A0087D974 /* LaunchScreen.storyboard in Resources */,
				BA65FC5D2280268A0087D974 /* Assets.xcassets in Resources */,
				BA65FC722280278D0087D974 /* Main.storyboard in Resources */,
			);
			runOnlyForDeploymentPostprocessing = 0;
		};
/* End PBXResourcesBuildPhase section */

/* Begin PBXSourcesBuildPhase section */
		BA65FC4E228026870087D974 /* Sources */ = {
			isa = PBXSourcesBuildPhase;
			buildActionMask = 2147483647;
			files = (
				BA65FC74228031000087D974 /* AddViewController.swift in Sources */,
				BA65FC76228032930087D974 /* DelegateProtocol.swift in Sources */,
				BA65FC6C228026DA0087D974 /* MoviesTableViewController.swift in Sources */,
				BA65FC6A228026DA0087D974 /* ViewController.swift in Sources */,
				BA65FC6B228026DA0087D974 /* MovieClass.swift in Sources */,
				BA65FC56228026870087D974 /* AppDelegate.swift in Sources */,
			);
			runOnlyForDeploymentPostprocessing = 0;
		};
/* End PBXSourcesBuildPhase section */

/* Begin PBXVariantGroup section */
		BA65FC5E2280268A0087D974 /* LaunchScreen.storyboard */ = {
			isa = PBXVariantGroup;
			children = (
				BA65FC5F2280268A0087D974 /* Base */,
			);
			name = LaunchScreen.storyboard;
			sourceTree = "<group>";
		};
/* End PBXVariantGroup section */

/* Begin XCBuildConfiguration section */
		BA65FC622280268A0087D974 /* Debug */ = {
			isa = XCBuildConfiguration;
			buildSettings = {
				ALWAYS_SEARCH_USER_PATHS = NO;
				CLANG_ANALYZER_NONNULL = YES;
				CLANG_ANALYZER_NUMBER_OBJECT_CONVERSION = YES_AGGRESSIVE;
				CLANG_CXX_LANGUAGE_STANDARD = "gnu++14";
				CLANG_CXX_LIBRARY = "libc++";
				CLANG_ENABLE_MODULES = YES;
				CLANG_ENABLE_OBJC_ARC = YES;
				CLANG_ENABLE_OBJC_WEAK = YES;
				CLANG_WARN_BLOCK_CAPTURE_AUTORELEASING = YES;
				CLANG_WARN_BOOL_CONVERSION = YES;
				CLANG_WARN_COMMA = YES;
				CLANG_WARN_CONSTANT_CONVERSION = YES;
				CLANG_WARN_DEPRECATED_OBJC_IMPLEMENTATIONS = YES;
				CLANG_WARN_DIRECT_OBJC_ISA_USAGE = YES_ERROR;
				CLANG_WARN_DOCUMENTATION_COMMENTS = YES;
				CLANG_WARN_EMPTY_BODY = YES;
				CLANG_WARN_ENUM_CONVERSION = YES;
				CLANG_WARN_INFINITE_RECURSION = YES;
				CLANG_WARN_INT_CONVERSION = YES;
				CLANG_WARN_NON_LITERAL_NULL_CONVERSION = YES;
				CLANG_WARN_OBJC_IMPLICIT_RETAIN_SELF = YES;
				CLANG_WARN_OBJC_LITERAL_CONVERSION = YES;
				CLANG_WARN_OBJC_ROOT_CLASS = YES_ERROR;
				CLANG_WARN_RANGE_LOOP_ANALYSIS = YES;
				CLANG_WARN_STRICT_PROTOTYPES = YES;
				CLANG_WARN_SUSPICIOUS_MOVE = YES;
				CLANG_WARN_UNGUARDED_AVAILABILITY = YES_AGGRESSIVE;
				CLANG_WARN_UNREACHABLE_CODE = YES;
				CLANG_WARN__DUPLICATE_METHOD_MATCH = YES;
				CODE_SIGN_IDENTITY = "iPhone Developer";
				COPY_PHASE_STRIP = NO;
				DEBUG_INFORMATION_FORMAT = dwarf;
				ENABLE_STRICT_OBJC_MSGSEND = YES;
				ENABLE_TESTABILITY = YES;
				GCC_C_LANGUAGE_STANDARD = gnu11;
				GCC_DYNAMIC_NO_PIC = NO;
				GCC_NO_COMMON_BLOCKS = YES;
				GCC_OPTIMIZATION_LEVEL = 0;
				GCC_PREPROCESSOR_DEFINITIONS = (
					"DEBUG=1",
					"$(inherited)",
				);
				GCC_WARN_64_TO_32_BIT_CONVERSION = YES;
				GCC_WARN_ABOUT_RETURN_TYPE = YES_ERROR;
				GCC_WARN_UNDECLARED_SELECTOR = YES;
				GCC_WARN_UNINITIALIZED_AUTOS = YES_AGGRESSIVE;
				GCC_WARN_UNUSED_FUNCTION = YES;
				GCC_WARN_UNUSED_VARIABLE = YES;
				IPHONEOS_DEPLOYMENT_TARGET = 11.3;
				MTL_ENABLE_DEBUG_INFO = YES;
				ONLY_ACTIVE_ARCH = YES;
				SDKROOT = iphoneos;
				SWIFT_ACTIVE_COMPILATION_CONDITIONS = DEBUG;
				SWIFT_OPTIMIZATION_LEVEL = "-Onone";
			};
			name = Debug;
		};
		BA65FC632280268A0087D974 /* Release */ = {
			isa = XCBuildConfiguration;
			buildSettings = {
				ALWAYS_SEARCH_USER_PATHS = NO;
				CLANG_ANALYZER_NONNULL = YES;
				CLANG_ANALYZER_NUMBER_OBJECT_CONVERSION = YES_AGGRESSIVE;
				CLANG_CXX_LANGUAGE_STANDARD = "gnu++14";
				CLANG_CXX_LIBRARY = "libc++";
				CLANG_ENABLE_MODULES = YES;
				CLANG_ENABLE_OBJC_ARC = YES;
				CLANG_ENABLE_OBJC_WEAK = YES;
				CLANG_WARN_BLOCK_CAPTURE_AUTORELEASING = YES;
				CLANG_WARN_BOOL_CONVERSION = YES;
				CLANG_WARN_COMMA = YES;
				CLANG_WARN_CONSTANT_CONVERSION = YES;
				CLANG_WARN_DEPRECATED_OBJC_IMPLEMENTATIONS = YES;
				CLANG_WARN_DIRECT_OBJC_ISA_USAGE = YES_ERROR;
				CLANG_WARN_DOCUMENTATION_COMMENTS = YES;
				CLANG_WARN_EMPTY_BODY = YES;
				CLANG_WARN_ENUM_CONVERSION = YES;
				CLANG_WARN_INFINITE_RECURSION = YES;
				CLANG_WARN_INT_CONVERSION = YES;
				CLANG_WARN_NON_LITERAL_NULL_CONVERSION = YES;
				CLANG_WARN_OBJC_IMPLICIT_RETAIN_SELF = YES;
				CLANG_WARN_OBJC_LITERAL_CONVERSION = YES;
				CLANG_WARN_OBJC_ROOT_CLASS = YES_ERROR;
				CLANG_WARN_RANGE_LOOP_ANALYSIS = YES;
				CLANG_WARN_STRICT_PROTOTYPES = YES;
				CLANG_WARN_SUSPICIOUS_MOVE = YES;
				CLANG_WARN_UNGUARDED_AVAILABILITY = YES_AGGRESSIVE;
				CLANG_WARN_UNREACHABLE_CODE = YES;
				CLANG_WARN__DUPLICATE_METHOD_MATCH = YES;
				CODE_SIGN_IDENTITY = "iPhone Developer";
				COPY_PHASE_STRIP = NO;
				DEBUG_INFORMATION_FORMAT = "dwarf-with-dsym";
				ENABLE_NS_ASSERTIONS = NO;
				ENABLE_STRICT_OBJC_MSGSEND = YES;
				GCC_C_LANGUAGE_STANDARD = gnu11;
				GCC_NO_COMMON_BLOCKS = YES;
				GCC_WARN_64_TO_32_BIT_CONVERSION = YES;
				GCC_WARN_ABOUT_RETURN_TYPE = YES_ERROR;
				GCC_WARN_UNDECLARED_SELECTOR = YES;
				GCC_WARN_UNINITIALIZED_AUTOS = YES_AGGRESSIVE;
				GCC_WARN_UNUSED_FUNCTION = YES;
				GCC_WARN_UNUSED_VARIABLE = YES;
				IPHONEOS_DEPLOYMENT_TARGET = 11.3;
				MTL_ENABLE_DEBUG_INFO = NO;
				SDKROOT = iphoneos;
				SWIFT_COMPILATION_MODE = wholemodule;
				SWIFT_OPTIMIZATION_LEVEL = "-O";
				VALIDATE_PRODUCT = YES;
			};
			name = Release;
		};
		BA65FC652280268A0087D974 /* Debug */ = {
			isa = XCBuildConfiguration;
			buildSettings = {
				ASSETCATALOG_COMPILER_APPICON_NAME = AppIcon;
				CODE_SIGN_STYLE = Automatic;
				INFOPLIST_FILE = myMovieList/Info.plist;
				LD_RUNPATH_SEARCH_PATHS = (
					"$(inherited)",
					"@executable_path/Frameworks",
				);
				PRODUCT_BUNDLE_IDENTIFIER = jets.myMovieList;
				PRODUCT_NAME = "$(TARGET_NAME)";
				SWIFT_VERSION = 4.0;
				TARGETED_DEVICE_FAMILY = "1,2";
			};
			name = Debug;
		};
		BA65FC662280268A0087D974 /* Release */ = {
			isa = XCBuildConfiguration;
			buildSettings = {
				ASSETCATALOG_COMPILER_APPICON_NAME = AppIcon;
				CODE_SIGN_STYLE = Automatic;
				INFOPLIST_FILE = myMovieList/Info.plist;
				LD_RUNPATH_SEARCH_PATHS = (
					"$(inherited)",
					"@executable_path/Frameworks",
				);
				PRODUCT_BUNDLE_IDENTIFIER = jets.myMovieList;
				PRODUCT_NAME = "$(TARGET_NAME)";
				SWIFT_VERSION = 4.0;
				TARGETED_DEVICE_FAMILY = "1,2";
			};
			name = Release;
		};
/* End XCBuildConfiguration section */

/* Begin XCConfigurationList section */
		BA65FC4D228026870087D974 /* Build configuration list for PBXProject "myMovieList" */ = {
			isa = XCConfigurationList;
			buildConfigurations = (
				BA65FC622280268A0087D974 /* Debug */,
				BA65FC632280268A0087D974 /* Release */,
			);
			defaultConfigurationIsVisible = 0;
			defaultConfigurationName = Release;
		};
		BA65FC642280268A0087D974 /* Build configuration list for PBXNativeTarget "myMovieList" */ = {
			isa = XCConfigurationList;
			buildConfigurations = (
				BA65FC652280268A0087D974 /* Debug */,
				BA65FC662280268A0087D974 /* Release */,
			);
			defaultConfigurationIsVisible = 0;
			defaultConfigurationName = Release;
		};
/* End XCConfigurationList section */
	};
	rootObject = BA65FC4A228026870087D974 /* Project object */;
}
